
Microsoft Visual Studio Solution File, Format Version 12.00
# Visual Studio Version 17
VisualStudioVersion = 17.14.36109.1
MinimumVisualStudioVersion = 10.0.40219.1
Project("{FAE04EC0-301F-11D3-BF4B-00C04F79EFBC}") = "Metalify", "Metalify\Metalify\Metalify.csproj", "{CE53AAF6-B46F-46B7-9B23-8EABDC82CF1C}"
EndProject
Project("{FAE04EC0-301F-11D3-BF4B-00C04F79EFBC}") = "Metalify.Client", "Metalify\Metalify.Client\Metalify.Client.csproj", "{6B93E07C-163C-4123-8FBA-A002A2378F06}"
EndProject
Project("{FAE04EC0-301F-11D3-BF4B-00C04F79EFBC}") = "Metalify.Api", "Metalify\Metalify.Api\Metalify.Api.csproj", "{9E6F2649-D444-4B05-8A25-AF5998AAC7FE}"
EndProject
Project("{2150E333-8FDC-42A3-9474-1A3956D46DE8}") = "FE", "FE", "{6A166452-0661-9F2D-66B3-878B7B8DAE7B}"
EndProject
Project("{2150E333-8FDC-42A3-9474-1A3956D46DE8}") = "BE", "BE", "{925EF7A6-BD2D-FD16-DA9B-B4A434F89C38}"
EndProject
Project("{FAE04EC0-301F-11D3-BF4B-00C04F79EFBC}") = "Metalify.Playlist.Api", "Metalify\Metalify.Playlist.Api\Metalify.Playlist.Api.csproj", "{08FF8DC4-DA4E-4C91-96C2-CA57EA69041E}"
EndProject
Global
	GlobalSection(SolutionConfigurationPlatforms) = preSolution
		Debug|Any CPU = Debug|Any CPU
		Debug|x64 = Debug|x64
		Debug|x86 = Debug|x86
		Release|Any CPU = Release|Any CPU
		Release|x64 = Release|x64
		Release|x86 = Release|x86
	EndGlobalSection
	GlobalSection(ProjectConfigurationPlatforms) = postSolution
		{CE53AAF6-B46F-46B7-9B23-8EABDC82CF1C}.Debug|Any CPU.ActiveCfg = Debug|Any CPU
		{CE53AAF6-B46F-46B7-9B23-8EABDC82CF1C}.Debug|Any CPU.Build.0 = Debug|Any CPU
		{CE53AAF6-B46F-46B7-9B23-8EABDC82CF1C}.Debug|x64.ActiveCfg = Debug|Any CPU
		{CE53AAF6-B46F-46B7-9B23-8EABDC82CF1C}.Debug|x64.Build.0 = Debug|Any CPU
		{CE53AAF6-B46F-46B7-9B23-8EABDC82CF1C}.Debug|x86.ActiveCfg = Debug|Any CPU
		{CE53AAF6-B46F-46B7-9B23-8EABDC82CF1C}.Debug|x86.Build.0 = Debug|Any CPU
		{CE53AAF6-B46F-46B7-9B23-8EABDC82CF1C}.Release|Any CPU.ActiveCfg = Release|Any CPU
		{CE53AAF6-B46F-46B7-9B23-8EABDC82CF1C}.Release|Any CPU.Build.0 = Release|Any CPU
		{CE53AAF6-B46F-46B7-9B23-8EABDC82CF1C}.Release|x64.ActiveCfg = Release|Any CPU
		{CE53AAF6-B46F-46B7-9B23-8EABDC82CF1C}.Release|x64.Build.0 = Release|Any CPU
		{CE53AAF6-B46F-46B7-9B23-8EABDC82CF1C}.Release|x86.ActiveCfg = Release|Any CPU
		{CE53AAF6-B46F-46B7-9B23-8EABDC82CF1C}.Release|x86.Build.0 = Release|Any CPU
		{6B93E07C-163C-4123-8FBA-A002A2378F06}.Debug|Any CPU.ActiveCfg = Debug|Any CPU
		{6B93E07C-163C-4123-8FBA-A002A2378F06}.Debug|Any CPU.Build.0 = Debug|Any CPU
		{6B93E07C-163C-4123-8FBA-A002A2378F06}.Debug|x64.ActiveCfg = Debug|Any CPU
		{6B93E07C-163C-4123-8FBA-A002A2378F06}.Debug|x64.Build.0 = Debug|Any CPU
		{6B93E07C-163C-4123-8FBA-A002A2378F06}.Debug|x86.ActiveCfg = Debug|Any CPU
		{6B93E07C-163C-4123-8FBA-A002A2378F06}.Debug|x86.Build.0 = Debug|Any CPU
		{6B93E07C-163C-4123-8FBA-A002A2378F06}.Release|Any CPU.ActiveCfg = Release|Any CPU
		{6B93E07C-163C-4123-8FBA-A002A2378F06}.Release|Any CPU.Build.0 = Release|Any CPU
		{6B93E07C-163C-4123-8FBA-A002A2378F06}.Release|x64.ActiveCfg = Release|Any CPU
		{6B93E07C-163C-4123-8FBA-A002A2378F06}.Release|x64.Build.0 = Release|Any CPU
		{6B93E07C-163C-4123-8FBA-A002A2378F06}.Release|x86.ActiveCfg = Release|Any CPU
		{6B93E07C-163C-4123-8FBA-A002A2378F06}.Release|x86.Build.0 = Release|Any CPU
		{9E6F2649-D444-4B05-8A25-AF5998AAC7FE}.Debug|Any CPU.ActiveCfg = Debug|Any CPU
		{9E6F2649-D444-4B05-8A25-AF5998AAC7FE}.Debug|Any CPU.Build.0 = Debug|Any CPU
		{9E6F2649-D444-4B05-8A25-AF5998AAC7FE}.Debug|x64.ActiveCfg = Debug|Any CPU
		{9E6F2649-D444-4B05-8A25-AF5998AAC7FE}.Debug|x64.Build.0 = Debug|Any CPU
		{9E6F2649-D444-4B05-8A25-AF5998AAC7FE}.Debug|x86.ActiveCfg = Debug|Any CPU
		{9E6F2649-D444-4B05-8A25-AF5998AAC7FE}.Debug|x86.Build.0 = Debug|Any CPU
		{9E6F2649-D444-4B05-8A25-AF5998AAC7FE}.Release|Any CPU.ActiveCfg = Release|Any CPU
		{9E6F2649-D444-4B05-8A25-AF5998AAC7FE}.Release|Any CPU.Build.0 = Release|Any CPU
		{9E6F2649-D444-4B05-8A25-AF5998AAC7FE}.Release|x64.ActiveCfg = Release|Any CPU
		{9E6F2649-D444-4B05-8A25-AF5998AAC7FE}.Release|x64.Build.0 = Release|Any CPU
		{9E6F2649-D444-4B05-8A25-AF5998AAC7FE}.Release|x86.ActiveCfg = Release|Any CPU
		{9E6F2649-D444-4B05-8A25-AF5998AAC7FE}.Release|x86.Build.0 = Release|Any CPU
		{08FF8DC4-DA4E-4C91-96C2-CA57EA69041E}.Debug|Any CPU.ActiveCfg = Debug|Any CPU
		{08FF8DC4-DA4E-4C91-96C2-CA57EA69041E}.Debug|Any CPU.Build.0 = Debug|Any CPU
		{08FF8DC4-DA4E-4C91-96C2-CA57EA69041E}.Debug|x64.ActiveCfg = Debug|Any CPU
		{08FF8DC4-DA4E-4C91-96C2-CA57EA69041E}.Debug|x64.Build.0 = Debug|Any CPU
		{08FF8DC4-DA4E-4C91-96C2-CA57EA69041E}.Debug|x86.ActiveCfg = Debug|Any CPU
		{08FF8DC4-DA4E-4C91-96C2-CA57EA69041E}.Debug|x86.Build.0 = Debug|Any CPU
		{08FF8DC4-DA4E-4C91-96C2-CA57EA69041E}.Release|Any CPU.ActiveCfg = Release|Any CPU
		{08FF8DC4-DA4E-4C91-96C2-CA57EA69041E}.Release|Any CPU.Build.0 = Release|Any CPU
		{08FF8DC4-DA4E-4C91-96C2-CA57EA69041E}.Release|x64.ActiveCfg = Release|Any CPU
		{08FF8DC4-DA4E-4C91-96C2-CA57EA69041E}.Release|x64.Build.0 = Release|Any CPU
		{08FF8DC4-DA4E-4C91-96C2-CA57EA69041E}.Release|x86.ActiveCfg = Release|Any CPU
		{08FF8DC4-DA4E-4C91-96C2-CA57EA69041E}.Release|x86.Build.0 = Release|Any CPU
	EndGlobalSection
	GlobalSection(SolutionProperties) = preSolution
		HideSolutionNode = FALSE
	EndGlobalSection
	GlobalSection(NestedProjects) = preSolution
		{CE53AAF6-B46F-46B7-9B23-8EABDC82CF1C} = {6A166452-0661-9F2D-66B3-878B7B8DAE7B}
		{6B93E07C-163C-4123-8FBA-A002A2378F06} = {6A166452-0661-9F2D-66B3-878B7B8DAE7B}
		{9E6F2649-D444-4B05-8A25-AF5998AAC7FE} = {925EF7A6-BD2D-FD16-DA9B-B4A434F89C38}
		{08FF8DC4-DA4E-4C91-96C2-CA57EA69041E} = {925EF7A6-BD2D-FD16-DA9B-B4A434F89C38}
	EndGlobalSection
	GlobalSection(ExtensibilityGlobals) = postSolution
		SolutionGuid = {FEB5B2C1-BD7A-424E-99AF-18F43DA7118C}
	EndGlobalSection
EndGlobal
